
Microsoft Visual Studio Solution File, Format Version 12.00
# Visual Studio 15
VisualStudioVersion = 15.0.28307.705
MinimumVisualStudioVersion = 10.0.40219.1
Project("{9A19103F-16F7-4668-BE54-9A1E7A4F7556}") = "WebApplication1", "WebApplication1\WebApplication1.csproj", "{A5FDEC95-8182-4603-85D2-F62A96DEF645}"
EndProject
Global
	GlobalSection(SolutionConfigurationPlatforms) = preSolution
		Debug|Any CPU = Debug|Any CPU
		Release|Any CPU = Release|Any CPU
	EndGlobalSection
	GlobalSection(ProjectConfigurationPlatforms) = postSolution
		{A5FDEC95-8182-4603-85D2-F62A96DEF645}.Debug|Any CPU.ActiveCfg = Debug|Any CPU
		{A5FDEC95-8182-4603-85D2-F62A96DEF645}.Debug|Any CPU.Build.0 = Debug|Any CPU
		{A5FDEC95-8182-4603-85D2-F62A96DEF645}.Release|Any CPU.ActiveCfg = Release|Any CPU
		{A5FDEC95-8182-4603-85D2-F62A96DEF645}.Release|Any CPU.Build.0 = Release|Any CPU
	EndGlobalSection
	GlobalSection(SolutionProperties) = preSolution
		HideSolutionNode = FALSE
	EndGlobalSection
	GlobalSection(ExtensibilityGlobals) = postSolution
		SolutionGuid = {DE147804-B175-44E7-96F2-97CA8BFBDF39}
	EndGlobalSection
EndGlobal
