
Microsoft Visual Studio Solution File, Format Version 12.00
# Visual Studio 15
VisualStudioVersion = 15.0.28307.705
MinimumVisualStudioVersion = 10.0.40219.1
Project("{FAE04EC0-301F-11D3-BF4B-00C04F79EFBC}") = "WebApplication2", "WebApplication2\WebApplication2.csproj", "{0BDC0CB3-DF16-4210-8411-373D97AD36E4}"
EndProject
Project("{FAE04EC0-301F-11D3-BF4B-00C04F79EFBC}") = "WebApplication2.Tests", "WebApplication2.Tests\WebApplication2.Tests.csproj", "{6EADECDE-BF55-4AED-AAAE-E3C78D6D2B81}"
EndProject
Global
	GlobalSection(SolutionConfigurationPlatforms) = preSolution
		Debug|Any CPU = Debug|Any CPU
		Release|Any CPU = Release|Any CPU
	EndGlobalSection
	GlobalSection(ProjectConfigurationPlatforms) = postSolution
		{0BDC0CB3-DF16-4210-8411-373D97AD36E4}.Debug|Any CPU.ActiveCfg = Debug|Any CPU
		{0BDC0CB3-DF16-4210-8411-373D97AD36E4}.Debug|Any CPU.Build.0 = Debug|Any CPU
		{0BDC0CB3-DF16-4210-8411-373D97AD36E4}.Release|Any CPU.ActiveCfg = Release|Any CPU
		{0BDC0CB3-DF16-4210-8411-373D97AD36E4}.Release|Any CPU.Build.0 = Release|Any CPU
		{6EADECDE-BF55-4AED-AAAE-E3C78D6D2B81}.Debug|Any CPU.ActiveCfg = Debug|Any CPU
		{6EADECDE-BF55-4AED-AAAE-E3C78D6D2B81}.Debug|Any CPU.Build.0 = Debug|Any CPU
		{6EADECDE-BF55-4AED-AAAE-E3C78D6D2B81}.Release|Any CPU.ActiveCfg = Release|Any CPU
		{6EADECDE-BF55-4AED-AAAE-E3C78D6D2B81}.Release|Any CPU.Build.0 = Release|Any CPU
	EndGlobalSection
	GlobalSection(SolutionProperties) = preSolution
		HideSolutionNode = FALSE
	EndGlobalSection
	GlobalSection(ExtensibilityGlobals) = postSolution
		SolutionGuid = {06F25E71-1DE1-4F5D-8891-1BF600ADA515}
	EndGlobalSection
EndGlobal
